
Microsoft Visual Studio Solution File, Format Version 12.00
# Visual Studio Version 17
VisualStudioVersion = 17.0.32014.148
MinimumVisualStudioVersion = 10.0.40219.1
Project("{FAE04EC0-301F-11D3-BF4B-00C04F79EFBC}") = "Clase8", "Clase8\Clase8.csproj", "{145D0623-8D29-483A-A95E-9A80DCBED598}"
EndProject
Global
	GlobalSection(SolutionConfigurationPlatforms) = preSolution
		Debug|Any CPU = Debug|Any CPU
		Release|Any CPU = Release|Any CPU
	EndGlobalSection
	GlobalSection(ProjectConfigurationPlatforms) = postSolution
		{145D0623-8D29-483A-A95E-9A80DCBED598}.Debug|Any CPU.ActiveCfg = Debug|Any CPU
		{145D0623-8D29-483A-A95E-9A80DCBED598}.Debug|Any CPU.Build.0 = Debug|Any CPU
		{145D0623-8D29-483A-A95E-9A80DCBED598}.Release|Any CPU.ActiveCfg = Release|Any CPU
		{145D0623-8D29-483A-A95E-9A80DCBED598}.Release|Any CPU.Build.0 = Release|Any CPU
	EndGlobalSection
	GlobalSection(SolutionProperties) = preSolution
		HideSolutionNode = FALSE
	EndGlobalSection
	GlobalSection(ExtensibilityGlobals) = postSolution
		SolutionGuid = {A99203EA-D7D9-4D99-8E75-CD825EEF73BF}
	EndGlobalSection
EndGlobal
